
Microsoft Visual Studio Solution File, Format Version 12.00
# Visual Studio Version 16
VisualStudioVersion = 25.0.1703.7
MinimumVisualStudioVersion = 10.0.40219.1
Project("{FAE04EC0-301F-11D3-BF4B-00C04F79EFBC}") = "KundeApp", "KundeApp.csproj", "{3783D8D0-1743-4B32-8C37-0C8034152110}"
EndProject
Global
	GlobalSection(SolutionConfigurationPlatforms) = preSolution
		Debug|Any CPU = Debug|Any CPU
		Release|Any CPU = Release|Any CPU
	EndGlobalSection
	GlobalSection(ProjectConfigurationPlatforms) = postSolution
		{3783D8D0-1743-4B32-8C37-0C8034152110}.Debug|Any CPU.ActiveCfg = Debug|Any CPU
		{3783D8D0-1743-4B32-8C37-0C8034152110}.Debug|Any CPU.Build.0 = Debug|Any CPU
		{3783D8D0-1743-4B32-8C37-0C8034152110}.Release|Any CPU.ActiveCfg = Release|Any CPU
		{3783D8D0-1743-4B32-8C37-0C8034152110}.Release|Any CPU.Build.0 = Release|Any CPU
	EndGlobalSection
	GlobalSection(SolutionProperties) = preSolution
		HideSolutionNode = FALSE
	EndGlobalSection
	GlobalSection(ExtensibilityGlobals) = postSolution
		SolutionGuid = {61E69AD6-BA65-4A17-889B-259CE6BF3BDD}
	EndGlobalSection
EndGlobal
